
Microsoft Visual Studio Solution File, Format Version 12.00
# Visual Studio Version 16
VisualStudioVersion = 16.0.32929.386
MinimumVisualStudioVersion = 10.0.40219.1
Project("{FAE04EC0-301F-11D3-BF4B-00C04F79EFBC}") = "Servicios", "Servicios\Servicios.csproj", "{9ED70F07-D8B0-4266-B1D0-9F8B031BDE45}"
EndProject
Project("{FAE04EC0-301F-11D3-BF4B-00C04F79EFBC}") = "Test", "Test\Test.csproj", "{44A6F889-F8C2-4928-9B12-E5281E0E9710}"
EndProject
Global
	GlobalSection(SolutionConfigurationPlatforms) = preSolution
		Debug|Any CPU = Debug|Any CPU
		Release|Any CPU = Release|Any CPU
	EndGlobalSection
	GlobalSection(ProjectConfigurationPlatforms) = postSolution
		{9ED70F07-D8B0-4266-B1D0-9F8B031BDE45}.Debug|Any CPU.ActiveCfg = Debug|Any CPU
		{9ED70F07-D8B0-4266-B1D0-9F8B031BDE45}.Debug|Any CPU.Build.0 = Debug|Any CPU
		{9ED70F07-D8B0-4266-B1D0-9F8B031BDE45}.Release|Any CPU.ActiveCfg = Release|Any CPU
		{9ED70F07-D8B0-4266-B1D0-9F8B031BDE45}.Release|Any CPU.Build.0 = Release|Any CPU
		{44A6F889-F8C2-4928-9B12-E5281E0E9710}.Debug|Any CPU.ActiveCfg = Debug|Any CPU
		{44A6F889-F8C2-4928-9B12-E5281E0E9710}.Debug|Any CPU.Build.0 = Debug|Any CPU
		{44A6F889-F8C2-4928-9B12-E5281E0E9710}.Release|Any CPU.ActiveCfg = Release|Any CPU
		{44A6F889-F8C2-4928-9B12-E5281E0E9710}.Release|Any CPU.Build.0 = Release|Any CPU
	EndGlobalSection
	GlobalSection(SolutionProperties) = preSolution
		HideSolutionNode = FALSE
	EndGlobalSection
	GlobalSection(ExtensibilityGlobals) = postSolution
		SolutionGuid = {9C1F0EF0-F8F3-4DFC-8D55-84A5C6638045}
	EndGlobalSection
EndGlobal
